{
    "_meta": {
        "hash": {
            "sha256": "417379505369f47fe6a0c19182f8a90b50def4ded8648d9165c316bb915abe3f"
        },
        "pipfile-spec": 6,
        "requires": {
            "python_version": "3.8"
        },
        "sources": [
            {
                "name": "pypi",
                "url": "https://pypi.org/simple",
                "verify_ssl": true
            }
        ]
    },
    "default": {
        "apache-log-parser": {
            "hashes": [
                "sha256:bf07da6c30e71705b5b95903cd240e0174ae06cffacb50a9d33193b9a24c9807"
            ],
            "index": "pypi",
            "version": "==1.7.0"
        },
        "six": {
            "hashes": [
                "sha256:236bdbdce46e6e6a3d61a337c0f8b763ca1e8717c03b369e87a7ec7ce1319c0a",
                "sha256:8f3cd2e254d8f793e7f3d6d9df77b92252b52637291d0f0da013c76ea2724b6c"
            ],
            "version": "==1.14.0"
        },
        "toml": {
            "hashes": [
                "sha256:926b612be1e5ce0634a2ca03470f95169cf16f939018233a670519cb4ac58b0f",
                "sha256:bda89d5935c2eac546d648028b9901107a595863cb36bae0c73ac804a9b4ce88"
            ],
            "index": "pypi",
            "version": "==0.10.1"
        },
        "ua-parser": {
            "hashes": [
                "sha256:46ab2e383c01dbd2ab284991b87d624a26a08f72da4d7d413f5bfab8b9036f8a",
                "sha256:47b1782ed130d890018d983fac37c2a80799d9e0b9c532e734c67cf70f185033"
            ],
            "version": "==0.10.0"
        },
        "user-agents": {
            "hashes": [
                "sha256:da54371d856c35d8ead0622da24ad5ef6d667eda3629a750e3373a3e847a054b",
                "sha256:e727ab6f169e829bc25d41dbd25b9ff679b4631bd81959bcf7de1e246da67194"
            ],
            "version": "==2.1"
        }
    },
    "develop": {}
}
